
Microsoft Visual Studio Solution File, Format Version 12.00
# Visual Studio 2012
Project("{D954291E-2A0B-460D-934E-DC6B0785DB48}") = "readMyQrCode", "readMyQrCode\readMyQrCode.shproj", "{E33B2CDC-A149-4446-B1E4-6B05F28A359D}"
EndProject
Project("{FAE04EC0-301F-11D3-BF4B-00C04F79EFBC}") = "readMyQrCode.iOS", "iOS\readMyQrCode.iOS.csproj", "{55442AF2-BBD1-40A1-B51D-53C12FEE68F9}"
EndProject
Project("{FAE04EC0-301F-11D3-BF4B-00C04F79EFBC}") = "readMyQrCode.Droid", "Droid\readMyQrCode.Droid.csproj", "{8F8DB736-B060-418C-821D-CF98469BF53B}"
EndProject
Global
	GlobalSection(SolutionConfigurationPlatforms) = preSolution
		Debug|iPhoneSimulator = Debug|iPhoneSimulator
		Release|iPhone = Release|iPhone
		Release|iPhoneSimulator = Release|iPhoneSimulator
		Debug|iPhone = Debug|iPhone
		Debug|Any CPU = Debug|Any CPU
		Release|Any CPU = Release|Any CPU
	EndGlobalSection
	GlobalSection(ProjectConfigurationPlatforms) = postSolution
		{55442AF2-BBD1-40A1-B51D-53C12FEE68F9}.Debug|iPhoneSimulator.ActiveCfg = Debug|iPhoneSimulator
		{55442AF2-BBD1-40A1-B51D-53C12FEE68F9}.Debug|iPhoneSimulator.Build.0 = Debug|iPhoneSimulator
		{55442AF2-BBD1-40A1-B51D-53C12FEE68F9}.Release|iPhone.ActiveCfg = Release|iPhone
		{55442AF2-BBD1-40A1-B51D-53C12FEE68F9}.Release|iPhone.Build.0 = Release|iPhone
		{55442AF2-BBD1-40A1-B51D-53C12FEE68F9}.Release|iPhoneSimulator.ActiveCfg = Release|iPhoneSimulator
		{55442AF2-BBD1-40A1-B51D-53C12FEE68F9}.Release|iPhoneSimulator.Build.0 = Release|iPhoneSimulator
		{55442AF2-BBD1-40A1-B51D-53C12FEE68F9}.Debug|iPhone.ActiveCfg = Debug|iPhone
		{55442AF2-BBD1-40A1-B51D-53C12FEE68F9}.Debug|iPhone.Build.0 = Debug|iPhone
		{55442AF2-BBD1-40A1-B51D-53C12FEE68F9}.Debug|Any CPU.ActiveCfg = Debug|iPhoneSimulator
		{55442AF2-BBD1-40A1-B51D-53C12FEE68F9}.Debug|Any CPU.Build.0 = Debug|iPhoneSimulator
		{55442AF2-BBD1-40A1-B51D-53C12FEE68F9}.Release|Any CPU.ActiveCfg = Release|iPhone
		{55442AF2-BBD1-40A1-B51D-53C12FEE68F9}.Release|Any CPU.Build.0 = Release|iPhone
		{8F8DB736-B060-418C-821D-CF98469BF53B}.Debug|iPhoneSimulator.ActiveCfg = Debug|Any CPU
		{8F8DB736-B060-418C-821D-CF98469BF53B}.Debug|iPhoneSimulator.Build.0 = Debug|Any CPU
		{8F8DB736-B060-418C-821D-CF98469BF53B}.Release|iPhone.ActiveCfg = Release|Any CPU
		{8F8DB736-B060-418C-821D-CF98469BF53B}.Release|iPhone.Build.0 = Release|Any CPU
		{8F8DB736-B060-418C-821D-CF98469BF53B}.Release|iPhoneSimulator.ActiveCfg = Release|Any CPU
		{8F8DB736-B060-418C-821D-CF98469BF53B}.Release|iPhoneSimulator.Build.0 = Release|Any CPU
		{8F8DB736-B060-418C-821D-CF98469BF53B}.Debug|iPhone.ActiveCfg = Debug|Any CPU
		{8F8DB736-B060-418C-821D-CF98469BF53B}.Debug|iPhone.Build.0 = Debug|Any CPU
		{8F8DB736-B060-418C-821D-CF98469BF53B}.Debug|Any CPU.ActiveCfg = Debug|Any CPU
		{8F8DB736-B060-418C-821D-CF98469BF53B}.Debug|Any CPU.Build.0 = Debug|Any CPU
		{8F8DB736-B060-418C-821D-CF98469BF53B}.Release|Any CPU.ActiveCfg = Release|Any CPU
		{8F8DB736-B060-418C-821D-CF98469BF53B}.Release|Any CPU.Build.0 = Release|Any CPU
	EndGlobalSection
EndGlobal
