
Microsoft Visual Studio Solution File, Format Version 12.00
# Visual Studio 2012
Project("{FAE04EC0-301F-11D3-BF4B-00C04F79EFBC}") = "DiplayPlatformInfo", "DiplayPlatformInfo\DiplayPlatformInfo.csproj", "{356A15AF-898A-4613-A678-0BB75E7F0246}"
EndProject
Project("{FAE04EC0-301F-11D3-BF4B-00C04F79EFBC}") = "DiplayPlatformInfo.iOS", "iOS\DiplayPlatformInfo.iOS.csproj", "{E9F60CA0-CAE2-4D8D-BFC9-E9A3990B7D8F}"
EndProject
Project("{FAE04EC0-301F-11D3-BF4B-00C04F79EFBC}") = "DiplayPlatformInfo.Droid", "Droid\DiplayPlatformInfo.Droid.csproj", "{24C21984-A4D8-48BD-9728-CF0D3614F230}"
EndProject
Global
	GlobalSection(SolutionConfigurationPlatforms) = preSolution
		Debug|Any CPU = Debug|Any CPU
		Release|Any CPU = Release|Any CPU
		Debug|iPhoneSimulator = Debug|iPhoneSimulator
		Release|iPhone = Release|iPhone
		Release|iPhoneSimulator = Release|iPhoneSimulator
		Debug|iPhone = Debug|iPhone
	EndGlobalSection
	GlobalSection(ProjectConfigurationPlatforms) = postSolution
		{356A15AF-898A-4613-A678-0BB75E7F0246}.Debug|Any CPU.ActiveCfg = Debug|Any CPU
		{356A15AF-898A-4613-A678-0BB75E7F0246}.Debug|Any CPU.Build.0 = Debug|Any CPU
		{356A15AF-898A-4613-A678-0BB75E7F0246}.Release|Any CPU.ActiveCfg = Release|Any CPU
		{356A15AF-898A-4613-A678-0BB75E7F0246}.Release|Any CPU.Build.0 = Release|Any CPU
		{356A15AF-898A-4613-A678-0BB75E7F0246}.Debug|iPhoneSimulator.ActiveCfg = Debug|Any CPU
		{356A15AF-898A-4613-A678-0BB75E7F0246}.Debug|iPhoneSimulator.Build.0 = Debug|Any CPU
		{356A15AF-898A-4613-A678-0BB75E7F0246}.Release|iPhone.ActiveCfg = Release|Any CPU
		{356A15AF-898A-4613-A678-0BB75E7F0246}.Release|iPhone.Build.0 = Release|Any CPU
		{356A15AF-898A-4613-A678-0BB75E7F0246}.Release|iPhoneSimulator.ActiveCfg = Release|Any CPU
		{356A15AF-898A-4613-A678-0BB75E7F0246}.Release|iPhoneSimulator.Build.0 = Release|Any CPU
		{356A15AF-898A-4613-A678-0BB75E7F0246}.Debug|iPhone.ActiveCfg = Debug|Any CPU
		{356A15AF-898A-4613-A678-0BB75E7F0246}.Debug|iPhone.Build.0 = Debug|Any CPU
		{E9F60CA0-CAE2-4D8D-BFC9-E9A3990B7D8F}.Debug|Any CPU.ActiveCfg = Debug|iPhoneSimulator
		{E9F60CA0-CAE2-4D8D-BFC9-E9A3990B7D8F}.Debug|Any CPU.Build.0 = Debug|iPhoneSimulator
		{E9F60CA0-CAE2-4D8D-BFC9-E9A3990B7D8F}.Release|Any CPU.ActiveCfg = Release|iPhone
		{E9F60CA0-CAE2-4D8D-BFC9-E9A3990B7D8F}.Release|Any CPU.Build.0 = Release|iPhone
		{E9F60CA0-CAE2-4D8D-BFC9-E9A3990B7D8F}.Debug|iPhoneSimulator.ActiveCfg = Debug|iPhoneSimulator
		{E9F60CA0-CAE2-4D8D-BFC9-E9A3990B7D8F}.Debug|iPhoneSimulator.Build.0 = Debug|iPhoneSimulator
		{E9F60CA0-CAE2-4D8D-BFC9-E9A3990B7D8F}.Release|iPhone.ActiveCfg = Release|iPhone
		{E9F60CA0-CAE2-4D8D-BFC9-E9A3990B7D8F}.Release|iPhone.Build.0 = Release|iPhone
		{E9F60CA0-CAE2-4D8D-BFC9-E9A3990B7D8F}.Release|iPhoneSimulator.ActiveCfg = Release|iPhoneSimulator
		{E9F60CA0-CAE2-4D8D-BFC9-E9A3990B7D8F}.Release|iPhoneSimulator.Build.0 = Release|iPhoneSimulator
		{E9F60CA0-CAE2-4D8D-BFC9-E9A3990B7D8F}.Debug|iPhone.ActiveCfg = Debug|iPhone
		{E9F60CA0-CAE2-4D8D-BFC9-E9A3990B7D8F}.Debug|iPhone.Build.0 = Debug|iPhone
		{24C21984-A4D8-48BD-9728-CF0D3614F230}.Debug|Any CPU.ActiveCfg = Debug|Any CPU
		{24C21984-A4D8-48BD-9728-CF0D3614F230}.Debug|Any CPU.Build.0 = Debug|Any CPU
		{24C21984-A4D8-48BD-9728-CF0D3614F230}.Release|Any CPU.ActiveCfg = Release|Any CPU
		{24C21984-A4D8-48BD-9728-CF0D3614F230}.Release|Any CPU.Build.0 = Release|Any CPU
		{24C21984-A4D8-48BD-9728-CF0D3614F230}.Debug|iPhoneSimulator.ActiveCfg = Debug|Any CPU
		{24C21984-A4D8-48BD-9728-CF0D3614F230}.Debug|iPhoneSimulator.Build.0 = Debug|Any CPU
		{24C21984-A4D8-48BD-9728-CF0D3614F230}.Release|iPhone.ActiveCfg = Release|Any CPU
		{24C21984-A4D8-48BD-9728-CF0D3614F230}.Release|iPhone.Build.0 = Release|Any CPU
		{24C21984-A4D8-48BD-9728-CF0D3614F230}.Release|iPhoneSimulator.ActiveCfg = Release|Any CPU
		{24C21984-A4D8-48BD-9728-CF0D3614F230}.Release|iPhoneSimulator.Build.0 = Release|Any CPU
		{24C21984-A4D8-48BD-9728-CF0D3614F230}.Debug|iPhone.ActiveCfg = Debug|Any CPU
		{24C21984-A4D8-48BD-9728-CF0D3614F230}.Debug|iPhone.Build.0 = Debug|Any CPU
	EndGlobalSection
EndGlobal
