
Microsoft Visual Studio Solution File, Format Version 12.00
# Visual Studio 2012
Project("{D954291E-2A0B-460D-934E-DC6B0785DB48}") = "simplesample", "simplesample\simplesample.shproj", "{1A79D6C9-11FD-4710-A7C6-1A13813F9AD4}"
EndProject
Project("{FAE04EC0-301F-11D3-BF4B-00C04F79EFBC}") = "simplesample.iOS", "iOS\simplesample.iOS.csproj", "{1F58D2C8-CC66-467C-BA76-3D49AEB3581A}"
EndProject
Project("{FAE04EC0-301F-11D3-BF4B-00C04F79EFBC}") = "simplesample.Droid", "Droid\simplesample.Droid.csproj", "{1753AA2A-8969-4EAD-8EE6-61E6D0FCC437}"
EndProject
Global
	GlobalSection(SolutionConfigurationPlatforms) = preSolution
		Debug|iPhoneSimulator = Debug|iPhoneSimulator
		Release|iPhone = Release|iPhone
		Release|iPhoneSimulator = Release|iPhoneSimulator
		Debug|iPhone = Debug|iPhone
		Debug|Any CPU = Debug|Any CPU
		Release|Any CPU = Release|Any CPU
	EndGlobalSection
	GlobalSection(ProjectConfigurationPlatforms) = postSolution
		{1F58D2C8-CC66-467C-BA76-3D49AEB3581A}.Debug|iPhoneSimulator.ActiveCfg = Debug|iPhoneSimulator
		{1F58D2C8-CC66-467C-BA76-3D49AEB3581A}.Debug|iPhoneSimulator.Build.0 = Debug|iPhoneSimulator
		{1F58D2C8-CC66-467C-BA76-3D49AEB3581A}.Release|iPhone.ActiveCfg = Release|iPhone
		{1F58D2C8-CC66-467C-BA76-3D49AEB3581A}.Release|iPhone.Build.0 = Release|iPhone
		{1F58D2C8-CC66-467C-BA76-3D49AEB3581A}.Release|iPhoneSimulator.ActiveCfg = Release|iPhoneSimulator
		{1F58D2C8-CC66-467C-BA76-3D49AEB3581A}.Release|iPhoneSimulator.Build.0 = Release|iPhoneSimulator
		{1F58D2C8-CC66-467C-BA76-3D49AEB3581A}.Debug|iPhone.ActiveCfg = Debug|iPhone
		{1F58D2C8-CC66-467C-BA76-3D49AEB3581A}.Debug|iPhone.Build.0 = Debug|iPhone
		{1F58D2C8-CC66-467C-BA76-3D49AEB3581A}.Debug|Any CPU.ActiveCfg = Debug|iPhoneSimulator
		{1F58D2C8-CC66-467C-BA76-3D49AEB3581A}.Debug|Any CPU.Build.0 = Debug|iPhoneSimulator
		{1F58D2C8-CC66-467C-BA76-3D49AEB3581A}.Release|Any CPU.ActiveCfg = Release|iPhone
		{1F58D2C8-CC66-467C-BA76-3D49AEB3581A}.Release|Any CPU.Build.0 = Release|iPhone
		{1753AA2A-8969-4EAD-8EE6-61E6D0FCC437}.Debug|iPhoneSimulator.ActiveCfg = Debug|Any CPU
		{1753AA2A-8969-4EAD-8EE6-61E6D0FCC437}.Debug|iPhoneSimulator.Build.0 = Debug|Any CPU
		{1753AA2A-8969-4EAD-8EE6-61E6D0FCC437}.Release|iPhone.ActiveCfg = Release|Any CPU
		{1753AA2A-8969-4EAD-8EE6-61E6D0FCC437}.Release|iPhone.Build.0 = Release|Any CPU
		{1753AA2A-8969-4EAD-8EE6-61E6D0FCC437}.Release|iPhoneSimulator.ActiveCfg = Release|Any CPU
		{1753AA2A-8969-4EAD-8EE6-61E6D0FCC437}.Release|iPhoneSimulator.Build.0 = Release|Any CPU
		{1753AA2A-8969-4EAD-8EE6-61E6D0FCC437}.Debug|iPhone.ActiveCfg = Debug|Any CPU
		{1753AA2A-8969-4EAD-8EE6-61E6D0FCC437}.Debug|iPhone.Build.0 = Debug|Any CPU
		{1753AA2A-8969-4EAD-8EE6-61E6D0FCC437}.Debug|Any CPU.ActiveCfg = Debug|Any CPU
		{1753AA2A-8969-4EAD-8EE6-61E6D0FCC437}.Debug|Any CPU.Build.0 = Debug|Any CPU
		{1753AA2A-8969-4EAD-8EE6-61E6D0FCC437}.Release|Any CPU.ActiveCfg = Release|Any CPU
		{1753AA2A-8969-4EAD-8EE6-61E6D0FCC437}.Release|Any CPU.Build.0 = Release|Any CPU
	EndGlobalSection
EndGlobal
